// !$*UTF8*$!
{
	archiveVersion = 1;
	classes = {
	};
	objectVersion = 50;
	objects = {

/* Begin PBXBuildFile section */
		F5641118271974A5008ED9BF /* AppDelegate.swift in Sources */ = {isa = PBXBuildFile; fileRef = F5641117271974A5008ED9BF /* AppDelegate.swift */; };
		F564111A271974A5008ED9BF /* SceneDelegate.swift in Sources */ = {isa = PBXBuildFile; fileRef = F5641119271974A5008ED9BF /* SceneDelegate.swift */; };
		F564111C271974A5008ED9BF /* ViewController.swift in Sources */ = {isa = PBXBuildFile; fileRef = F564111B271974A5008ED9BF /* ViewController.swift */; };
		F564111F271974A5008ED9BF /* Main.storyboard in Resources */ = {isa = PBXBuildFile; fileRef = F564111D271974A5008ED9BF /* Main.storyboard */; };
		F5641121271974A7008ED9BF /* Assets.xcassets in Resources */ = {isa = PBXBuildFile; fileRef = F5641120271974A7008ED9BF /* Assets.xcassets */; };
		F5641124271974A7008ED9BF /* LaunchScreen.storyboard in Resources */ = {isa = PBXBuildFile; fileRef = F5641122271974A7008ED9BF /* LaunchScreen.storyboard */; };
		F564112E271984AB008ED9BF /* ViewModel.swift in Sources */ = {isa = PBXBuildFile; fileRef = F564112D271984AB008ED9BF /* ViewModel.swift */; };
		F5BEDEF0271D821800D72E36 /* sample.pdf in Resources */ = {isa = PBXBuildFile; fileRef = F5BEDEEF271D821800D72E36 /* sample.pdf */; };
/* End PBXBuildFile section */

/* Begin PBXFileReference section */
		F5641114271974A5008ED9BF /* SearchInPDFFile.app */ = {isa = PBXFileReference; explicitFileType = wrapper.application; includeInIndex = 0; path = SearchInPDFFile.app; sourceTree = BUILT_PRODUCTS_DIR; };
		F5641117271974A5008ED9BF /* AppDelegate.swift */ = {isa = PBXFileReference; lastKnownFileType = sourcecode.swift; path = AppDelegate.swift; sourceTree = "<group>"; };
		F5641119271974A5008ED9BF /* SceneDelegate.swift */ = {isa = PBXFileReference; lastKnownFileType = sourcecode.swift; path = SceneDelegate.swift; sourceTree = "<group>"; };
		F564111B271974A5008ED9BF /* ViewController.swift */ = {isa = PBXFileReference; lastKnownFileType = sourcecode.swift; path = ViewController.swift; sourceTree = "<group>"; };
		F564111E271974A5008ED9BF /* Base */ = {isa = PBXFileReference; lastKnownFileType = file.storyboard; name = Base; path = Base.lproj/Main.storyboard; sourceTree = "<group>"; };
		F5641120271974A7008ED9BF /* Assets.xcassets */ = {isa = PBXFileReference; lastKnownFileType = folder.assetcatalog; path = Assets.xcassets; sourceTree = "<group>"; };
		F5641123271974A7008ED9BF /* Base */ = {isa = PBXFileReference; lastKnownFileType = file.storyboard; name = Base; path = Base.lproj/LaunchScreen.storyboard; sourceTree = "<group>"; };
		F5641125271974A7008ED9BF /* Info.plist */ = {isa = PBXFileReference; lastKnownFileType = text.plist.xml; path = Info.plist; sourceTree = "<group>"; };
		F564112D271984AB008ED9BF /* ViewModel.swift */ = {isa = PBXFileReference; lastKnownFileType = sourcecode.swift; path = ViewModel.swift; sourceTree = "<group>"; };
		F5BEDEEF271D821800D72E36 /* sample.pdf */ = {isa = PBXFileReference; lastKnownFileType = image.pdf; path = sample.pdf; sourceTree = "<group>"; };
/* End PBXFileReference section */

/* Begin PBXFrameworksBuildPhase section */
		F5641111271974A5008ED9BF /* Frameworks */ = {
			isa = PBXFrameworksBuildPhase;
			buildActionMask = 2147483647;
			files = (
			);
			runOnlyForDeploymentPostprocessing = 0;
		};
/* End PBXFrameworksBuildPhase section */

/* Begin PBXGroup section */
		F564110B271974A4008ED9BF = {
			isa = PBXGroup;
			children = (
				F5641116271974A5008ED9BF /* SearchInPDFFile */,
				F5641115271974A5008ED9BF /* Products */,
			);
			sourceTree = "<group>";
		};
		F5641115271974A5008ED9BF /* Products */ = {
			isa = PBXGroup;
			children = (
				F5641114271974A5008ED9BF /* SearchInPDFFile.app */,
			);
			name = Products;
			sourceTree = "<group>";
		};
		F5641116271974A5008ED9BF /* SearchInPDFFile */ = {
			isa = PBXGroup;
			children = (
				F5BEDEEF271D821800D72E36 /* sample.pdf */,
				F5641117271974A5008ED9BF /* AppDelegate.swift */,
				F5641119271974A5008ED9BF /* SceneDelegate.swift */,
				F564111B271974A5008ED9BF /* ViewController.swift */,
				F564111D271974A5008ED9BF /* Main.storyboard */,
				F5641120271974A7008ED9BF /* Assets.xcassets */,
				F5641122271974A7008ED9BF /* LaunchScreen.storyboard */,
				F5641125271974A7008ED9BF /* Info.plist */,
				F564112D271984AB008ED9BF /* ViewModel.swift */,
			);
			path = SearchInPDFFile;
			sourceTree = "<group>";
		};
/* End PBXGroup section */

/* Begin PBXNativeTarget section */
		F5641113271974A5008ED9BF /* SearchInPDFFile */ = {
			isa = PBXNativeTarget;
			buildConfigurationList = F5641128271974A7008ED9BF /* Build configuration list for PBXNativeTarget "SearchInPDFFile" */;
			buildPhases = (
				F5641110271974A5008ED9BF /* Sources */,
				F5641111271974A5008ED9BF /* Frameworks */,
				F5641112271974A5008ED9BF /* Resources */,
			);
			buildRules = (
			);
			dependencies = (
			);
			name = SearchInPDFFile;
			productName = SearchInPDFFile;
			productReference = F5641114271974A5008ED9BF /* SearchInPDFFile.app */;
			productType = "com.apple.product-type.application";
		};
/* End PBXNativeTarget section */

/* Begin PBXProject section */
		F564110C271974A4008ED9BF /* Project object */ = {
			isa = PBXProject;
			attributes = {
				LastSwiftUpdateCheck = 1250;
				LastUpgradeCheck = 1250;
				TargetAttributes = {
					F5641113271974A5008ED9BF = {
						CreatedOnToolsVersion = 12.5.1;
					};
				};
			};
			buildConfigurationList = F564110F271974A4008ED9BF /* Build configuration list for PBXProject "SearchInPDFFile" */;
			compatibilityVersion = "Xcode 9.3";
			developmentRegion = en;
			hasScannedForEncodings = 0;
			knownRegions = (
				en,
				Base,
			);
			mainGroup = F564110B271974A4008ED9BF;
			productRefGroup = F5641115271974A5008ED9BF /* Products */;
			projectDirPath = "";
			projectRoot = "";
			targets = (
				F5641113271974A5008ED9BF /* SearchInPDFFile */,
			);
		};
/* End PBXProject section */

/* Begin PBXResourcesBuildPhase section */
		F5641112271974A5008ED9BF /* Resources */ = {
			isa = PBXResourcesBuildPhase;
			buildActionMask = 2147483647;
			files = (
				F5BEDEF0271D821800D72E36 /* sample.pdf in Resources */,
				F5641124271974A7008ED9BF /* LaunchScreen.storyboard in Resources */,
				F5641121271974A7008ED9BF /* Assets.xcassets in Resources */,
				F564111F271974A5008ED9BF /* Main.storyboard in Resources */,
			);
			runOnlyForDeploymentPostprocessing = 0;
		};
/* End PBXResourcesBuildPhase section */

/* Begin PBXSourcesBuildPhase section */
		F5641110271974A5008ED9BF /* Sources */ = {
			isa = PBXSourcesBuildPhase;
			buildActionMask = 2147483647;
			files = (
				F564111C271974A5008ED9BF /* ViewController.swift in Sources */,
				F5641118271974A5008ED9BF /* AppDelegate.swift in Sources */,
				F564112E271984AB008ED9BF /* ViewModel.swift in Sources */,
				F564111A271974A5008ED9BF /* SceneDelegate.swift in Sources */,
			);
			runOnlyForDeploymentPostprocessing = 0;
		};
/* End PBXSourcesBuildPhase section */

/* Begin PBXVariantGroup section */
		F564111D271974A5008ED9BF /* Main.storyboard */ = {
			isa = PBXVariantGroup;
			children = (
				F564111E271974A5008ED9BF /* Base */,
			);
			name = Main.storyboard;
			sourceTree = "<group>";
		};
		F5641122271974A7008ED9BF /* LaunchScreen.storyboard */ = {
			isa = PBXVariantGroup;
			children = (
				F5641123271974A7008ED9BF /* Base */,
			);
			name = LaunchScreen.storyboard;
			sourceTree = "<group>";
		};
/* End PBXVariantGroup section */

/* Begin XCBuildConfiguration section */
		F5641126271974A7008ED9BF /* Debug */ = {
			isa = XCBuildConfiguration;
			buildSettings = {
				ALWAYS_SEARCH_USER_PATHS = NO;
				CLANG_ANALYZER_NONNULL = YES;
				CLANG_ANALYZER_NUMBER_OBJECT_CONVERSION = YES_AGGRESSIVE;
				CLANG_CXX_LANGUAGE_STANDARD = "gnu++14";
				CLANG_CXX_LIBRARY = "libc++";
				CLANG_ENABLE_MODULES = YES;
				CLANG_ENABLE_OBJC_ARC = YES;
				CLANG_ENABLE_OBJC_WEAK = YES;
				CLANG_WARN_BLOCK_CAPTURE_AUTORELEASING = YES;
				CLANG_WARN_BOOL_CONVERSION = YES;
				CLANG_WARN_COMMA = YES;
				CLANG_WARN_CONSTANT_CONVERSION = YES;
				CLANG_WARN_DEPRECATED_OBJC_IMPLEMENTATIONS = YES;
				CLANG_WARN_DIRECT_OBJC_ISA_USAGE = YES_ERROR;
				CLANG_WARN_DOCUMENTATION_COMMENTS = YES;
				CLANG_WARN_EMPTY_BODY = YES;
				CLANG_WARN_ENUM_CONVERSION = YES;
				CLANG_WARN_INFINITE_RECURSION = YES;
				CLANG_WARN_INT_CONVERSION = YES;
				CLANG_WARN_NON_LITERAL_NULL_CONVERSION = YES;
				CLANG_WARN_OBJC_IMPLICIT_RETAIN_SELF = YES;
				CLANG_WARN_OBJC_LITERAL_CONVERSION = YES;
				CLANG_WARN_OBJC_ROOT_CLASS = YES_ERROR;
				CLANG_WARN_QUOTED_INCLUDE_IN_FRAMEWORK_HEADER = YES;
				CLANG_WARN_RANGE_LOOP_ANALYSIS = YES;
				CLANG_WARN_STRICT_PROTOTYPES = YES;
				CLANG_WARN_SUSPICIOUS_MOVE = YES;
				CLANG_WARN_UNGUARDED_AVAILABILITY = YES_AGGRESSIVE;
				CLANG_WARN_UNREACHABLE_CODE = YES;
				CLANG_WARN__DUPLICATE_METHOD_MATCH = YES;
				COPY_PHASE_STRIP = NO;
				DEBUG_INFORMATION_FORMAT = dwarf;
				ENABLE_STRICT_OBJC_MSGSEND = YES;
				ENABLE_TESTABILITY = YES;
				GCC_C_LANGUAGE_STANDARD = gnu11;
				GCC_DYNAMIC_NO_PIC = NO;
				GCC_NO_COMMON_BLOCKS = YES;
				GCC_OPTIMIZATION_LEVEL = 0;
				GCC_PREPROCESSOR_DEFINITIONS = (
					"DEBUG=1",
					"$(inherited)",
				);
				GCC_WARN_64_TO_32_BIT_CONVERSION = YES;
				GCC_WARN_ABOUT_RETURN_TYPE = YES_ERROR;
				GCC_WARN_UNDECLARED_SELECTOR = YES;
				GCC_WARN_UNINITIALIZED_AUTOS = YES_AGGRESSIVE;
				GCC_WARN_UNUSED_FUNCTION = YES;
				GCC_WARN_UNUSED_VARIABLE = YES;
				IPHONEOS_DEPLOYMENT_TARGET = 14.5;
				MTL_ENABLE_DEBUG_INFO = INCLUDE_SOURCE;
				MTL_FAST_MATH = YES;
				ONLY_ACTIVE_ARCH = YES;
				SDKROOT = iphoneos;
				SWIFT_ACTIVE_COMPILATION_CONDITIONS = DEBUG;
				SWIFT_OPTIMIZATION_LEVEL = "-Onone";
			};
			name = Debug;
		};
		F5641127271974A7008ED9BF /* Release */ = {
			isa = XCBuildConfiguration;
			buildSettings = {
				ALWAYS_SEARCH_USER_PATHS = NO;
				CLANG_ANALYZER_NONNULL = YES;
				CLANG_ANALYZER_NUMBER_OBJECT_CONVERSION = YES_AGGRESSIVE;
				CLANG_CXX_LANGUAGE_STANDARD = "gnu++14";
				CLANG_CXX_LIBRARY = "libc++";
				CLANG_ENABLE_MODULES = YES;
				CLANG_ENABLE_OBJC_ARC = YES;
				CLANG_ENABLE_OBJC_WEAK = YES;
				CLANG_WARN_BLOCK_CAPTURE_AUTORELEASING = YES;
				CLANG_WARN_BOOL_CONVERSION = YES;
				CLANG_WARN_COMMA = YES;
				CLANG_WARN_CONSTANT_CONVERSION = YES;
				CLANG_WARN_DEPRECATED_OBJC_IMPLEMENTATIONS = YES;
				CLANG_WARN_DIRECT_OBJC_ISA_USAGE = YES_ERROR;
				CLANG_WARN_DOCUMENTATION_COMMENTS = YES;
				CLANG_WARN_EMPTY_BODY = YES;
				CLANG_WARN_ENUM_CONVERSION = YES;
				CLANG_WARN_INFINITE_RECURSION = YES;
				CLANG_WARN_INT_CONVERSION = YES;
				CLANG_WARN_NON_LITERAL_NULL_CONVERSION = YES;
				CLANG_WARN_OBJC_IMPLICIT_RETAIN_SELF = YES;
				CLANG_WARN_OBJC_LITERAL_CONVERSION = YES;
				CLANG_WARN_OBJC_ROOT_CLASS = YES_ERROR;
				CLANG_WARN_QUOTED_INCLUDE_IN_FRAMEWORK_HEADER = YES;
				CLANG_WARN_RANGE_LOOP_ANALYSIS = YES;
				CLANG_WARN_STRICT_PROTOTYPES = YES;
				CLANG_WARN_SUSPICIOUS_MOVE = YES;
				CLANG_WARN_UNGUARDED_AVAILABILITY = YES_AGGRESSIVE;
				CLANG_WARN_UNREACHABLE_CODE = YES;
				CLANG_WARN__DUPLICATE_METHOD_MATCH = YES;
				COPY_PHASE_STRIP = NO;
				DEBUG_INFORMATION_FORMAT = "dwarf-with-dsym";
				ENABLE_NS_ASSERTIONS = NO;
				ENABLE_STRICT_OBJC_MSGSEND = YES;
				GCC_C_LANGUAGE_STANDARD = gnu11;
				GCC_NO_COMMON_BLOCKS = YES;
				GCC_WARN_64_TO_32_BIT_CONVERSION = YES;
				GCC_WARN_ABOUT_RETURN_TYPE = YES_ERROR;
				GCC_WARN_UNDECLARED_SELECTOR = YES;
				GCC_WARN_UNINITIALIZED_AUTOS = YES_AGGRESSIVE;
				GCC_WARN_UNUSED_FUNCTION = YES;
				GCC_WARN_UNUSED_VARIABLE = YES;
				IPHONEOS_DEPLOYMENT_TARGET = 14.5;
				MTL_ENABLE_DEBUG_INFO = NO;
				MTL_FAST_MATH = YES;
				SDKROOT = iphoneos;
				SWIFT_COMPILATION_MODE = wholemodule;
				SWIFT_OPTIMIZATION_LEVEL = "-O";
				VALIDATE_PRODUCT = YES;
			};
			name = Release;
		};
		F5641129271974A7008ED9BF /* Debug */ = {
			isa = XCBuildConfiguration;
			buildSettings = {
				ASSETCATALOG_COMPILER_APPICON_NAME = AppIcon;
				ASSETCATALOG_COMPILER_GLOBAL_ACCENT_COLOR_NAME = AccentColor;
				CODE_SIGN_STYLE = Automatic;
				DEVELOPMENT_TEAM = SUAWT97CSE;
				INFOPLIST_FILE = SearchInPDFFile/Info.plist;
				LD_RUNPATH_SEARCH_PATHS = (
					"$(inherited)",
					"@executable_path/Frameworks",
				);
				PRODUCT_BUNDLE_IDENTIFIER = com.sibers.SearchInPDFFile;
				PRODUCT_NAME = "$(TARGET_NAME)";
				SWIFT_VERSION = 5.0;
				TARGETED_DEVICE_FAMILY = "1,2";
			};
			name = Debug;
		};
		F564112A271974A7008ED9BF /* Release */ = {
			isa = XCBuildConfiguration;
			buildSettings = {
				ASSETCATALOG_COMPILER_APPICON_NAME = AppIcon;
				ASSETCATALOG_COMPILER_GLOBAL_ACCENT_COLOR_NAME = AccentColor;
				CODE_SIGN_STYLE = Automatic;
				DEVELOPMENT_TEAM = SUAWT97CSE;
				INFOPLIST_FILE = SearchInPDFFile/Info.plist;
				LD_RUNPATH_SEARCH_PATHS = (
					"$(inherited)",
					"@executable_path/Frameworks",
				);
				PRODUCT_BUNDLE_IDENTIFIER = com.sibers.SearchInPDFFile;
				PRODUCT_NAME = "$(TARGET_NAME)";
				SWIFT_VERSION = 5.0;
				TARGETED_DEVICE_FAMILY = "1,2";
			};
			name = Release;
		};
/* End XCBuildConfiguration section */

/* Begin XCConfigurationList section */
		F564110F271974A4008ED9BF /* Build configuration list for PBXProject "SearchInPDFFile" */ = {
			isa = XCConfigurationList;
			buildConfigurations = (
				F5641126271974A7008ED9BF /* Debug */,
				F5641127271974A7008ED9BF /* Release */,
			);
			defaultConfigurationIsVisible = 0;
			defaultConfigurationName = Release;
		};
		F5641128271974A7008ED9BF /* Build configuration list for PBXNativeTarget "SearchInPDFFile" */ = {
			isa = XCConfigurationList;
			buildConfigurations = (
				F5641129271974A7008ED9BF /* Debug */,
				F564112A271974A7008ED9BF /* Release */,
			);
			defaultConfigurationIsVisible = 0;
			defaultConfigurationName = Release;
		};
/* End XCConfigurationList section */
	};
	rootObject = F564110C271974A4008ED9BF /* Project object */;
}
